github.com/danjacques/gofslock v0.0.0-20220131014315-6e321f4509c8/go.mod h1:VT5Ecrx/r1oHkQbiEBwkLiuQ51igUBmxXuiw9tnSLqY=
github.com/jfcote87/ctxclient v0.6.1 h1:EK1sCHnyoMDgiFnH2RIEv28oqAjelPRaXjErV15eQEY=
github.com/jfcote87/ctxclient v0.6.1/go.mod h1:AzNifdnR0ZA3CGA5Bj75wbcH7GQ8Ae9kMa31o5I9P0o=
github.com/jfcote87/oauth2 v0.4.0 h1:mCN9H7yBuihwt+ZEyTUHWbycDKbyyJouwEO8SA55Y4s=
github.com/jfcote87/oauth2 v0.4.0/go.mod h1:O9pg0tdBxPq8S75oYr49EocxIVoczGWGSNd9BXlkRYo=
github.com/jfcote87/testutils v0.1.0 h1:JOl5eOK6cLDWs6sLEtlaayWrvmtXTrO8bIrveajXxvc=
github.com/jfcote87/testutils v0.1.0/go.mod h1:ELCUYlS5UgdA/ZXCq/b+ScC6d566nmkorcmOgWU0C90=
golang.org/x/sys v0.0.0-20211216021012-1d35b9e2eb4e/go.mod h1:oPkhp1MJrh7nUepCBck5+mAzfO9JrbApNNgaTdGDITg=
