github.com/golang/protobuf v1.2.0/go.mod h1:6lQm79b+lXiMfvg/cZm0SGofjICqVBUtrP5yJMmIC1U=
github.com/golang/protobuf v1.3.1/go.mod h1:6lQm79b+lXiMfvg/cZm0SGofjICqVBUtrP5yJMmIC1U=
github.com/jfcote87/ctxclient v0.6.0/go.mod h1:f7zOFa74RLJBqXyENHpoOerIWyJ+vYSISilQt4EzSYk=
github.com/jfcote87/ctxclient v0.6.1 h1:EK1sCHnyoMDgiFnH2RIEv28oqAjelPRaXjErV15eQEY=
github.com/jfcote87/ctxclient v0.6.1/go.mod h1:AzNifdnR0ZA3CGA5Bj75wbcH7GQ8Ae9kMa31o5I9P0o=
github.com/jfcote87/oauth2 v0.3.0 h1:MeRYotqBceUTGHApNxwDH6gHn/NbNg8J80T9vX3KzFY=
github.com/jfcote87/oauth2 v0.3.0/go.mod h1:WU39SwJhTOPpxqx+lM5LBlEYIHHjjda4VibIq8MYvRc=
github.com/jfcote87/testutils v0.0.0-20190527035656-94af7a2b3405/go.mod h1:QFUFPaD1I3QKdKq4d0f1+RokX2LF15Vbgk0lXvTb8HY=
github.com/jfcote87/testutils v0.1.0 h1:JOl5eOK6cLDWs6sLEtlaayWrvmtXTrO8bIrveajXxvc=
github.com/jfcote87/testutils v0.1.0/go.mod h1:ELCUYlS5UgdA/ZXCq/b+ScC6d566nmkorcmOgWU0C90=
golang.org/x/crypto v0.0.0-20190308221718-c2843e01d9a2/go.mod h1:djNgcEr1/C05ACkg1iLfiJU5Ep61QUkGW8qpdssI0+w=
golang.org/x/net v0.0.0-20180724234803-3673e40ba225/go.mod h1:mL1N/T3taQHkDXs73rZJwtUhF3w3ftmwwsq0BUmARs4=
golang.org/x/net v0.0.0-20190522155817-f3200d17e092/go.mod h1:HSz+uSET+XFnRR8LxR5pz3Of3rY3CfYBVs4xY44aLks=
golang.org/x/sys v0.0.0-20190215142949-d0b11bdaac8a/go.mod h1:STP8DvDyc/dI5b8T5hshtkjS+E42TnysNCUPdjciGhY=
golang.org/x/text v0.3.0/go.mod h1:NqM8EUOU14njkJ3fqMW+pc6Ldnwhi/IjpwHt7yyuwOQ=
google.golang.org/appengine v1.6.0/go.mod h1:xpcJRLb0r/rnEns0DIKYYv+WjYCduHsrkT7/EB5XEv4=
